// !$*UTF8*$!
{
	archiveVersion = 1;
	classes = {
	};
	objectVersion = 56;
	objects = {

/* Begin PBXBuildFile section */
		524AC317298BE719004C9A54 /* HomeViewController.swift in Sources */ = {isa = PBXBuildFile; fileRef = 524AC316298BE719004C9A54 /* HomeViewController.swift */; };
		524AC319298BE914004C9A54 /* HomeScreen.swift in Sources */ = {isa = PBXBuildFile; fileRef = 524AC318298BE914004C9A54 /* HomeScreen.swift */; };
		524AC31C298C9D97004C9A54 /* UserDetailTableViewCell.swift in Sources */ = {isa = PBXBuildFile; fileRef = 524AC31B298C9D97004C9A54 /* UserDetailTableViewCell.swift */; };
		524AC31F298CA378004C9A54 /* DataUser.swift in Sources */ = {isa = PBXBuildFile; fileRef = 524AC31E298CA378004C9A54 /* DataUser.swift */; };
		5288A6702989DBAD00740BBE /* GoogleService-Info.plist in Resources */ = {isa = PBXBuildFile; fileRef = 5288A66F2989DBAD00740BBE /* GoogleService-Info.plist */; };
		528D0C4A298B2566001E5822 /* AlertaPopUp.swift in Sources */ = {isa = PBXBuildFile; fileRef = 528D0C49298B2566001E5822 /* AlertaPopUp.swift */; };
		52E068AE29832D4400528A03 /* RegisterViewController.swift in Sources */ = {isa = PBXBuildFile; fileRef = 52E068AD29832D4400528A03 /* RegisterViewController.swift */; };
		52E0778D29845BDB005A79AF /* RegisterScreen.swift in Sources */ = {isa = PBXBuildFile; fileRef = 52E0778C29845BDB005A79AF /* RegisterScreen.swift */; };
		52FA8BB1297F0FDD0071C36E /* AppDelegate.swift in Sources */ = {isa = PBXBuildFile; fileRef = 52FA8BB0297F0FDD0071C36E /* AppDelegate.swift */; };
		52FA8BB3297F0FDD0071C36E /* SceneDelegate.swift in Sources */ = {isa = PBXBuildFile; fileRef = 52FA8BB2297F0FDD0071C36E /* SceneDelegate.swift */; };
		52FA8BB5297F0FDD0071C36E /* LoginViewController.swift in Sources */ = {isa = PBXBuildFile; fileRef = 52FA8BB4297F0FDD0071C36E /* LoginViewController.swift */; };
		52FA8BBA297F0FDE0071C36E /* Assets.xcassets in Resources */ = {isa = PBXBuildFile; fileRef = 52FA8BB9297F0FDE0071C36E /* Assets.xcassets */; };
		52FA8BBD297F0FDE0071C36E /* LaunchScreen.storyboard in Resources */ = {isa = PBXBuildFile; fileRef = 52FA8BBB297F0FDE0071C36E /* LaunchScreen.storyboard */; };
		52FA8BCA297F5A240071C36E /* LoginScreen.swift in Sources */ = {isa = PBXBuildFile; fileRef = 52FA8BC9297F5A240071C36E /* LoginScreen.swift */; };
		94BFD497C6C16E93895FEE40 /* Pods_LoginViewCode.framework in Frameworks */ = {isa = PBXBuildFile; fileRef = 33575E872D23CFDA54B60D96 /* Pods_LoginViewCode.framework */; };
/* End PBXBuildFile section */

/* Begin PBXFileReference section */
		2EA66BE6D9CF2D3986AE5529 /* Pods-LoginViewCode.release.xcconfig */ = {isa = PBXFileReference; includeInIndex = 1; lastKnownFileType = text.xcconfig; name = "Pods-LoginViewCode.release.xcconfig"; path = "Target Support Files/Pods-LoginViewCode/Pods-LoginViewCode.release.xcconfig"; sourceTree = "<group>"; };
		33575E872D23CFDA54B60D96 /* Pods_LoginViewCode.framework */ = {isa = PBXFileReference; explicitFileType = wrapper.framework; includeInIndex = 0; path = Pods_LoginViewCode.framework; sourceTree = BUILT_PRODUCTS_DIR; };
		524AC316298BE719004C9A54 /* HomeViewController.swift */ = {isa = PBXFileReference; lastKnownFileType = sourcecode.swift; path = HomeViewController.swift; sourceTree = "<group>"; };
		524AC318298BE914004C9A54 /* HomeScreen.swift */ = {isa = PBXFileReference; lastKnownFileType = sourcecode.swift; path = HomeScreen.swift; sourceTree = "<group>"; };
		524AC31B298C9D97004C9A54 /* UserDetailTableViewCell.swift */ = {isa = PBXFileReference; lastKnownFileType = sourcecode.swift; path = UserDetailTableViewCell.swift; sourceTree = "<group>"; };
		524AC31E298CA378004C9A54 /* DataUser.swift */ = {isa = PBXFileReference; lastKnownFileType = sourcecode.swift; path = DataUser.swift; sourceTree = "<group>"; };
		5288A66F2989DBAD00740BBE /* GoogleService-Info.plist */ = {isa = PBXFileReference; fileEncoding = 4; lastKnownFileType = text.plist.xml; path = "GoogleService-Info.plist"; sourceTree = "<group>"; };
		528D0C49298B2566001E5822 /* AlertaPopUp.swift */ = {isa = PBXFileReference; lastKnownFileType = sourcecode.swift; path = AlertaPopUp.swift; sourceTree = "<group>"; };
		52E068AD29832D4400528A03 /* RegisterViewController.swift */ = {isa = PBXFileReference; lastKnownFileType = sourcecode.swift; path = RegisterViewController.swift; sourceTree = "<group>"; };
		52E0778C29845BDB005A79AF /* RegisterScreen.swift */ = {isa = PBXFileReference; lastKnownFileType = sourcecode.swift; path = RegisterScreen.swift; sourceTree = "<group>"; };
		52FA8BAD297F0FDD0071C36E /* LoginViewCode.app */ = {isa = PBXFileReference; explicitFileType = wrapper.application; includeInIndex = 0; path = LoginViewCode.app; sourceTree = BUILT_PRODUCTS_DIR; };
		52FA8BB0297F0FDD0071C36E /* AppDelegate.swift */ = {isa = PBXFileReference; lastKnownFileType = sourcecode.swift; path = AppDelegate.swift; sourceTree = "<group>"; };
		52FA8BB2297F0FDD0071C36E /* SceneDelegate.swift */ = {isa = PBXFileReference; lastKnownFileType = sourcecode.swift; path = SceneDelegate.swift; sourceTree = "<group>"; };
		52FA8BB4297F0FDD0071C36E /* LoginViewController.swift */ = {isa = PBXFileReference; lastKnownFileType = sourcecode.swift; path = LoginViewController.swift; sourceTree = "<group>"; };
		52FA8BB9297F0FDE0071C36E /* Assets.xcassets */ = {isa = PBXFileReference; lastKnownFileType = folder.assetcatalog; path = Assets.xcassets; sourceTree = "<group>"; };
		52FA8BBC297F0FDE0071C36E /* Base */ = {isa = PBXFileReference; lastKnownFileType = file.storyboard; name = Base; path = Base.lproj/LaunchScreen.storyboard; sourceTree = "<group>"; };
		52FA8BBE297F0FDE0071C36E /* Info.plist */ = {isa = PBXFileReference; lastKnownFileType = text.plist.xml; path = Info.plist; sourceTree = "<group>"; };
		52FA8BC9297F5A240071C36E /* LoginScreen.swift */ = {isa = PBXFileReference; lastKnownFileType = sourcecode.swift; path = LoginScreen.swift; sourceTree = "<group>"; };
		A4D3E5DD69FBDDBD7C09ACD6 /* Pods-LoginViewCode.debug.xcconfig */ = {isa = PBXFileReference; includeInIndex = 1; lastKnownFileType = text.xcconfig; name = "Pods-LoginViewCode.debug.xcconfig"; path = "Target Support Files/Pods-LoginViewCode/Pods-LoginViewCode.debug.xcconfig"; sourceTree = "<group>"; };
/* End PBXFileReference section */

/* Begin PBXFrameworksBuildPhase section */
		52FA8BAA297F0FDC0071C36E /* Frameworks */ = {
			isa = PBXFrameworksBuildPhase;
			buildActionMask = 2147483647;
			files = (
				94BFD497C6C16E93895FEE40 /* Pods_LoginViewCode.framework in Frameworks */,
			);
			runOnlyForDeploymentPostprocessing = 0;
		};
/* End PBXFrameworksBuildPhase section */

/* Begin PBXGroup section */
		524AC314298BE675004C9A54 /* ViewController */ = {
			isa = PBXGroup;
			children = (
				524AC316298BE719004C9A54 /* HomeViewController.swift */,
			);
			path = ViewController;
			sourceTree = "<group>";
		};
		524AC315298BE6BD004C9A54 /* Screen */ = {
			isa = PBXGroup;
			children = (
				524AC318298BE914004C9A54 /* HomeScreen.swift */,
			);
			path = Screen;
			sourceTree = "<group>";
		};
		524AC31A298C9D49004C9A54 /* cell */ = {
			isa = PBXGroup;
			children = (
				524AC31B298C9D97004C9A54 /* UserDetailTableViewCell.swift */,
			);
			path = cell;
			sourceTree = "<group>";
		};
		524AC31D298CA361004C9A54 /* Model */ = {
			isa = PBXGroup;
			children = (
				524AC31E298CA378004C9A54 /* DataUser.swift */,
			);
			path = Model;
			sourceTree = "<group>";
		};
		528D0C48298B254F001E5822 /* Alerta */ = {
			isa = PBXGroup;
			children = (
				528D0C49298B2566001E5822 /* AlertaPopUp.swift */,
			);
			path = Alerta;
			sourceTree = "<group>";
		};
		528D0C4B298B5142001E5822 /* Home */ = {
			isa = PBXGroup;
			children = (
				524AC31D298CA361004C9A54 /* Model */,
				524AC315298BE6BD004C9A54 /* Screen */,
				524AC314298BE675004C9A54 /* ViewController */,
			);
			path = Home;
			sourceTree = "<group>";
		};
		52E068AA29832C8500528A03 /* SingIn */ = {
			isa = PBXGroup;
			children = (
				52E068AC29832CC500528A03 /* VController */,
				52E068AB29832CB800528A03 /* Screen */,
			);
			path = SingIn;
			sourceTree = "<group>";
		};
		52E068AB29832CB800528A03 /* Screen */ = {
			isa = PBXGroup;
			children = (
				52E0778C29845BDB005A79AF /* RegisterScreen.swift */,
			);
			path = Screen;
			sourceTree = "<group>";
		};
		52E068AC29832CC500528A03 /* VController */ = {
			isa = PBXGroup;
			children = (
				52E068AD29832D4400528A03 /* RegisterViewController.swift */,
			);
			path = VController;
			sourceTree = "<group>";
		};
		52FA8BA4297F0FDC0071C36E = {
			isa = PBXGroup;
			children = (
				52FA8BAF297F0FDD0071C36E /* LoginViewCode */,
				52FA8BAE297F0FDD0071C36E /* Products */,
				9793B3726E18122322C95127 /* Pods */,
				FF400C4159DE2CA055250C0F /* Frameworks */,
			);
			sourceTree = "<group>";
		};
		52FA8BAE297F0FDD0071C36E /* Products */ = {
			isa = PBXGroup;
			children = (
				52FA8BAD297F0FDD0071C36E /* LoginViewCode.app */,
			);
			name = Products;
			sourceTree = "<group>";
		};
		52FA8BAF297F0FDD0071C36E /* LoginViewCode */ = {
			isa = PBXGroup;
			children = (
				524AC31A298C9D49004C9A54 /* cell */,
				528D0C4B298B5142001E5822 /* Home */,
				528D0C48298B254F001E5822 /* Alerta */,
				52E068AA29832C8500528A03 /* SingIn */,
				52FA8BC4297F593E0071C36E /* Login */,
				52FA8BB0297F0FDD0071C36E /* AppDelegate.swift */,
				52FA8BB2297F0FDD0071C36E /* SceneDelegate.swift */,
				52FA8BB9297F0FDE0071C36E /* Assets.xcassets */,
				52FA8BBB297F0FDE0071C36E /* LaunchScreen.storyboard */,
				52FA8BBE297F0FDE0071C36E /* Info.plist */,
				5288A66F2989DBAD00740BBE /* GoogleService-Info.plist */,
			);
			path = LoginViewCode;
			sourceTree = "<group>";
		};
		52FA8BC4297F593E0071C36E /* Login */ = {
			isa = PBXGroup;
			children = (
				52FA8BC6297F59830071C36E /* Screen */,
				52FA8BC5297F595D0071C36E /* VController */,
			);
			path = Login;
			sourceTree = "<group>";
		};
		52FA8BC5297F595D0071C36E /* VController */ = {
			isa = PBXGroup;
			children = (
				52FA8BB4297F0FDD0071C36E /* LoginViewController.swift */,
			);
			path = VController;
			sourceTree = "<group>";
		};
		52FA8BC6297F59830071C36E /* Screen */ = {
			isa = PBXGroup;
			children = (
				52FA8BC9297F5A240071C36E /* LoginScreen.swift */,
			);
			path = Screen;
			sourceTree = "<group>";
		};
		9793B3726E18122322C95127 /* Pods */ = {
			isa = PBXGroup;
			children = (
				A4D3E5DD69FBDDBD7C09ACD6 /* Pods-LoginViewCode.debug.xcconfig */,
				2EA66BE6D9CF2D3986AE5529 /* Pods-LoginViewCode.release.xcconfig */,
			);
			path = Pods;
			sourceTree = "<group>";
		};
		FF400C4159DE2CA055250C0F /* Frameworks */ = {
			isa = PBXGroup;
			children = (
				33575E872D23CFDA54B60D96 /* Pods_LoginViewCode.framework */,
			);
			name = Frameworks;
			sourceTree = "<group>";
		};
/* End PBXGroup section */

/* Begin PBXNativeTarget section */
		52FA8BAC297F0FDC0071C36E /* LoginViewCode */ = {
			isa = PBXNativeTarget;
			buildConfigurationList = 52FA8BC1297F0FDE0071C36E /* Build configuration list for PBXNativeTarget "LoginViewCode" */;
			buildPhases = (
				E0FAC113C3E17864F34E6A31 /* [CP] Check Pods Manifest.lock */,
				52FA8BA9297F0FDC0071C36E /* Sources */,
				52FA8BAA297F0FDC0071C36E /* Frameworks */,
				52FA8BAB297F0FDC0071C36E /* Resources */,
				288244DD3C94C55F23C5A1F7 /* [CP] Embed Pods Frameworks */,
			);
			buildRules = (
			);
			dependencies = (
			);
			name = LoginViewCode;
			productName = LoginViewCode;
			productReference = 52FA8BAD297F0FDD0071C36E /* LoginViewCode.app */;
			productType = "com.apple.product-type.application";
		};
/* End PBXNativeTarget section */

/* Begin PBXProject section */
		52FA8BA5297F0FDC0071C36E /* Project object */ = {
			isa = PBXProject;
			attributes = {
				BuildIndependentTargetsInParallel = 1;
				LastSwiftUpdateCheck = 1420;
				LastUpgradeCheck = 1420;
				TargetAttributes = {
					52FA8BAC297F0FDC0071C36E = {
						CreatedOnToolsVersion = 14.2;
					};
				};
			};
			buildConfigurationList = 52FA8BA8297F0FDC0071C36E /* Build configuration list for PBXProject "LoginViewCode" */;
			compatibilityVersion = "Xcode 14.0";
			developmentRegion = en;
			hasScannedForEncodings = 0;
			knownRegions = (
				en,
				Base,
			);
			mainGroup = 52FA8BA4297F0FDC0071C36E;
			productRefGroup = 52FA8BAE297F0FDD0071C36E /* Products */;
			projectDirPath = "";
			projectRoot = "";
			targets = (
				52FA8BAC297F0FDC0071C36E /* LoginViewCode */,
			);
		};
/* End PBXProject section */

/* Begin PBXResourcesBuildPhase section */
		52FA8BAB297F0FDC0071C36E /* Resources */ = {
			isa = PBXResourcesBuildPhase;
			buildActionMask = 2147483647;
			files = (
				52FA8BBD297F0FDE0071C36E /* LaunchScreen.storyboard in Resources */,
				52FA8BBA297F0FDE0071C36E /* Assets.xcassets in Resources */,
				5288A6702989DBAD00740BBE /* GoogleService-Info.plist in Resources */,
			);
			runOnlyForDeploymentPostprocessing = 0;
		};
/* End PBXResourcesBuildPhase section */

/* Begin PBXShellScriptBuildPhase section */
		288244DD3C94C55F23C5A1F7 /* [CP] Embed Pods Frameworks */ = {
			isa = PBXShellScriptBuildPhase;
			buildActionMask = 2147483647;
			files = (
			);
			inputFileListPaths = (
				"${PODS_ROOT}/Target Support Files/Pods-LoginViewCode/Pods-LoginViewCode-frameworks-${CONFIGURATION}-input-files.xcfilelist",
			);
			name = "[CP] Embed Pods Frameworks";
			outputFileListPaths = (
				"${PODS_ROOT}/Target Support Files/Pods-LoginViewCode/Pods-LoginViewCode-frameworks-${CONFIGURATION}-output-files.xcfilelist",
			);
			runOnlyForDeploymentPostprocessing = 0;
			shellPath = /bin/sh;
			shellScript = "\"${PODS_ROOT}/Target Support Files/Pods-LoginViewCode/Pods-LoginViewCode-frameworks.sh\"\n";
			showEnvVarsInLog = 0;
		};
		E0FAC113C3E17864F34E6A31 /* [CP] Check Pods Manifest.lock */ = {
			isa = PBXShellScriptBuildPhase;
			buildActionMask = 2147483647;
			files = (
			);
			inputFileListPaths = (
			);
			inputPaths = (
				"${PODS_PODFILE_DIR_PATH}/Podfile.lock",
				"${PODS_ROOT}/Manifest.lock",
			);
			name = "[CP] Check Pods Manifest.lock";
			outputFileListPaths = (
			);
			outputPaths = (
				"$(DERIVED_FILE_DIR)/Pods-LoginViewCode-checkManifestLockResult.txt",
			);
			runOnlyForDeploymentPostprocessing = 0;
			shellPath = /bin/sh;
			shellScript = "diff \"${PODS_PODFILE_DIR_PATH}/Podfile.lock\" \"${PODS_ROOT}/Manifest.lock\" > /dev/null\nif [ $? != 0 ] ; then\n    # print error to STDERR\n    echo \"error: The sandbox is not in sync with the Podfile.lock. Run 'pod install' or update your CocoaPods installation.\" >&2\n    exit 1\nfi\n# This output is used by Xcode 'outputs' to avoid re-running this script phase.\necho \"SUCCESS\" > \"${SCRIPT_OUTPUT_FILE_0}\"\n";
			showEnvVarsInLog = 0;
		};
/* End PBXShellScriptBuildPhase section */

/* Begin PBXSourcesBuildPhase section */
		52FA8BA9297F0FDC0071C36E /* Sources */ = {
			isa = PBXSourcesBuildPhase;
			buildActionMask = 2147483647;
			files = (
				52E0778D29845BDB005A79AF /* RegisterScreen.swift in Sources */,
				52FA8BB5297F0FDD0071C36E /* LoginViewController.swift in Sources */,
				52E068AE29832D4400528A03 /* RegisterViewController.swift in Sources */,
				524AC317298BE719004C9A54 /* HomeViewController.swift in Sources */,
				524AC31F298CA378004C9A54 /* DataUser.swift in Sources */,
				52FA8BCA297F5A240071C36E /* LoginScreen.swift in Sources */,
				524AC31C298C9D97004C9A54 /* UserDetailTableViewCell.swift in Sources */,
				524AC319298BE914004C9A54 /* HomeScreen.swift in Sources */,
				52FA8BB1297F0FDD0071C36E /* AppDelegate.swift in Sources */,
				52FA8BB3297F0FDD0071C36E /* SceneDelegate.swift in Sources */,
				528D0C4A298B2566001E5822 /* AlertaPopUp.swift in Sources */,
			);
			runOnlyForDeploymentPostprocessing = 0;
		};
/* End PBXSourcesBuildPhase section */

/* Begin PBXVariantGroup section */
		52FA8BBB297F0FDE0071C36E /* LaunchScreen.storyboard */ = {
			isa = PBXVariantGroup;
			children = (
				52FA8BBC297F0FDE0071C36E /* Base */,
			);
			name = LaunchScreen.storyboard;
			sourceTree = "<group>";
		};
/* End PBXVariantGroup section */

/* Begin XCBuildConfiguration section */
		52FA8BBF297F0FDE0071C36E /* Debug */ = {
			isa = XCBuildConfiguration;
			buildSettings = {
				ALWAYS_SEARCH_USER_PATHS = NO;
				CLANG_ANALYZER_NONNULL = YES;
				CLANG_ANALYZER_NUMBER_OBJECT_CONVERSION = YES_AGGRESSIVE;
				CLANG_CXX_LANGUAGE_STANDARD = "gnu++20";
				CLANG_ENABLE_MODULES = YES;
				CLANG_ENABLE_OBJC_ARC = YES;
				CLANG_ENABLE_OBJC_WEAK = YES;
				CLANG_WARN_BLOCK_CAPTURE_AUTORELEASING = YES;
				CLANG_WARN_BOOL_CONVERSION = YES;
				CLANG_WARN_COMMA = YES;
				CLANG_WARN_CONSTANT_CONVERSION = YES;
				CLANG_WARN_DEPRECATED_OBJC_IMPLEMENTATIONS = YES;
				CLANG_WARN_DIRECT_OBJC_ISA_USAGE = YES_ERROR;
				CLANG_WARN_DOCUMENTATION_COMMENTS = YES;
				CLANG_WARN_EMPTY_BODY = YES;
				CLANG_WARN_ENUM_CONVERSION = YES;
				CLANG_WARN_INFINITE_RECURSION = YES;
				CLANG_WARN_INT_CONVERSION = YES;
				CLANG_WARN_NON_LITERAL_NULL_CONVERSION = YES;
				CLANG_WARN_OBJC_IMPLICIT_RETAIN_SELF = YES;
				CLANG_WARN_OBJC_LITERAL_CONVERSION = YES;
				CLANG_WARN_OBJC_ROOT_CLASS = YES_ERROR;
				CLANG_WARN_QUOTED_INCLUDE_IN_FRAMEWORK_HEADER = YES;
				CLANG_WARN_RANGE_LOOP_ANALYSIS = YES;
				CLANG_WARN_STRICT_PROTOTYPES = YES;
				CLANG_WARN_SUSPICIOUS_MOVE = YES;
				CLANG_WARN_UNGUARDED_AVAILABILITY = YES_AGGRESSIVE;
				CLANG_WARN_UNREACHABLE_CODE = YES;
				CLANG_WARN__DUPLICATE_METHOD_MATCH = YES;
				COPY_PHASE_STRIP = NO;
				DEBUG_INFORMATION_FORMAT = dwarf;
				ENABLE_STRICT_OBJC_MSGSEND = YES;
				ENABLE_TESTABILITY = YES;
				GCC_C_LANGUAGE_STANDARD = gnu11;
				GCC_DYNAMIC_NO_PIC = NO;
				GCC_NO_COMMON_BLOCKS = YES;
				GCC_OPTIMIZATION_LEVEL = 0;
				GCC_PREPROCESSOR_DEFINITIONS = (
					"DEBUG=1",
					"$(inherited)",
				);
				GCC_WARN_64_TO_32_BIT_CONVERSION = YES;
				GCC_WARN_ABOUT_RETURN_TYPE = YES_ERROR;
				GCC_WARN_UNDECLARED_SELECTOR = YES;
				GCC_WARN_UNINITIALIZED_AUTOS = YES_AGGRESSIVE;
				GCC_WARN_UNUSED_FUNCTION = YES;
				GCC_WARN_UNUSED_VARIABLE = YES;
				IPHONEOS_DEPLOYMENT_TARGET = 16.2;
				MTL_ENABLE_DEBUG_INFO = INCLUDE_SOURCE;
				MTL_FAST_MATH = YES;
				ONLY_ACTIVE_ARCH = YES;
				SDKROOT = iphoneos;
				SWIFT_ACTIVE_COMPILATION_CONDITIONS = DEBUG;
				SWIFT_OPTIMIZATION_LEVEL = "-Onone";
			};
			name = Debug;
		};
		52FA8BC0297F0FDE0071C36E /* Release */ = {
			isa = XCBuildConfiguration;
			buildSettings = {
				ALWAYS_SEARCH_USER_PATHS = NO;
				CLANG_ANALYZER_NONNULL = YES;
				CLANG_ANALYZER_NUMBER_OBJECT_CONVERSION = YES_AGGRESSIVE;
				CLANG_CXX_LANGUAGE_STANDARD = "gnu++20";
				CLANG_ENABLE_MODULES = YES;
				CLANG_ENABLE_OBJC_ARC = YES;
				CLANG_ENABLE_OBJC_WEAK = YES;
				CLANG_WARN_BLOCK_CAPTURE_AUTORELEASING = YES;
				CLANG_WARN_BOOL_CONVERSION = YES;
				CLANG_WARN_COMMA = YES;
				CLANG_WARN_CONSTANT_CONVERSION = YES;
				CLANG_WARN_DEPRECATED_OBJC_IMPLEMENTATIONS = YES;
				CLANG_WARN_DIRECT_OBJC_ISA_USAGE = YES_ERROR;
				CLANG_WARN_DOCUMENTATION_COMMENTS = YES;
				CLANG_WARN_EMPTY_BODY = YES;
				CLANG_WARN_ENUM_CONVERSION = YES;
				CLANG_WARN_INFINITE_RECURSION = YES;
				CLANG_WARN_INT_CONVERSION = YES;
				CLANG_WARN_NON_LITERAL_NULL_CONVERSION = YES;
				CLANG_WARN_OBJC_IMPLICIT_RETAIN_SELF = YES;
				CLANG_WARN_OBJC_LITERAL_CONVERSION = YES;
				CLANG_WARN_OBJC_ROOT_CLASS = YES_ERROR;
				CLANG_WARN_QUOTED_INCLUDE_IN_FRAMEWORK_HEADER = YES;
				CLANG_WARN_RANGE_LOOP_ANALYSIS = YES;
				CLANG_WARN_STRICT_PROTOTYPES = YES;
				CLANG_WARN_SUSPICIOUS_MOVE = YES;
				CLANG_WARN_UNGUARDED_AVAILABILITY = YES_AGGRESSIVE;
				CLANG_WARN_UNREACHABLE_CODE = YES;
				CLANG_WARN__DUPLICATE_METHOD_MATCH = YES;
				COPY_PHASE_STRIP = NO;
				DEBUG_INFORMATION_FORMAT = "dwarf-with-dsym";
				ENABLE_NS_ASSERTIONS = NO;
				ENABLE_STRICT_OBJC_MSGSEND = YES;
				GCC_C_LANGUAGE_STANDARD = gnu11;
				GCC_NO_COMMON_BLOCKS = YES;
				GCC_WARN_64_TO_32_BIT_CONVERSION = YES;
				GCC_WARN_ABOUT_RETURN_TYPE = YES_ERROR;
				GCC_WARN_UNDECLARED_SELECTOR = YES;
				GCC_WARN_UNINITIALIZED_AUTOS = YES_AGGRESSIVE;
				GCC_WARN_UNUSED_FUNCTION = YES;
				GCC_WARN_UNUSED_VARIABLE = YES;
				IPHONEOS_DEPLOYMENT_TARGET = 16.2;
				MTL_ENABLE_DEBUG_INFO = NO;
				MTL_FAST_MATH = YES;
				SDKROOT = iphoneos;
				SWIFT_COMPILATION_MODE = wholemodule;
				SWIFT_OPTIMIZATION_LEVEL = "-O";
				VALIDATE_PRODUCT = YES;
			};
			name = Release;
		};
		52FA8BC2297F0FDE0071C36E /* Debug */ = {
			isa = XCBuildConfiguration;
			baseConfigurationReference = A4D3E5DD69FBDDBD7C09ACD6 /* Pods-LoginViewCode.debug.xcconfig */;
			buildSettings = {
				ASSETCATALOG_COMPILER_APPICON_NAME = AppIcon;
				ASSETCATALOG_COMPILER_GLOBAL_ACCENT_COLOR_NAME = AccentColor;
				CODE_SIGN_STYLE = Automatic;
				CURRENT_PROJECT_VERSION = 1;
				DEVELOPMENT_TEAM = MM8QMV9BGJ;
				GENERATE_INFOPLIST_FILE = YES;
				INFOPLIST_FILE = LoginViewCode/Info.plist;
				INFOPLIST_KEY_UIApplicationSupportsIndirectInputEvents = YES;
				INFOPLIST_KEY_UILaunchStoryboardName = LaunchScreen;
				INFOPLIST_KEY_UISupportedInterfaceOrientations_iPad = "UIInterfaceOrientationPortrait UIInterfaceOrientationPortraitUpsideDown UIInterfaceOrientationLandscapeLeft UIInterfaceOrientationLandscapeRight";
				INFOPLIST_KEY_UISupportedInterfaceOrientations_iPhone = "UIInterfaceOrientationPortrait UIInterfaceOrientationLandscapeLeft UIInterfaceOrientationLandscapeRight";
				LD_RUNPATH_SEARCH_PATHS = (
					"$(inherited)",
					"@executable_path/Frameworks",
				);
				MARKETING_VERSION = 1.0;
				PRODUCT_BUNDLE_IDENTIFIER = co.natavladimir.LoginViewCode;
				PRODUCT_NAME = "$(TARGET_NAME)";
				SWIFT_EMIT_LOC_STRINGS = YES;
				SWIFT_VERSION = 5.0;
				TARGETED_DEVICE_FAMILY = "1,2";
			};
			name = Debug;
		};
		52FA8BC3297F0FDE0071C36E /* Release */ = {
			isa = XCBuildConfiguration;
			baseConfigurationReference = 2EA66BE6D9CF2D3986AE5529 /* Pods-LoginViewCode.release.xcconfig */;
			buildSettings = {
				ASSETCATALOG_COMPILER_APPICON_NAME = AppIcon;
				ASSETCATALOG_COMPILER_GLOBAL_ACCENT_COLOR_NAME = AccentColor;
				CODE_SIGN_STYLE = Automatic;
				CURRENT_PROJECT_VERSION = 1;
				DEVELOPMENT_TEAM = MM8QMV9BGJ;
				GENERATE_INFOPLIST_FILE = YES;
				INFOPLIST_FILE = LoginViewCode/Info.plist;
				INFOPLIST_KEY_UIApplicationSupportsIndirectInputEvents = YES;
				INFOPLIST_KEY_UILaunchStoryboardName = LaunchScreen;
				INFOPLIST_KEY_UISupportedInterfaceOrientations_iPad = "UIInterfaceOrientationPortrait UIInterfaceOrientationPortraitUpsideDown UIInterfaceOrientationLandscapeLeft UIInterfaceOrientationLandscapeRight";
				INFOPLIST_KEY_UISupportedInterfaceOrientations_iPhone = "UIInterfaceOrientationPortrait UIInterfaceOrientationLandscapeLeft UIInterfaceOrientationLandscapeRight";
				LD_RUNPATH_SEARCH_PATHS = (
					"$(inherited)",
					"@executable_path/Frameworks",
				);
				MARKETING_VERSION = 1.0;
				PRODUCT_BUNDLE_IDENTIFIER = co.natavladimir.LoginViewCode;
				PRODUCT_NAME = "$(TARGET_NAME)";
				SWIFT_EMIT_LOC_STRINGS = YES;
				SWIFT_VERSION = 5.0;
				TARGETED_DEVICE_FAMILY = "1,2";
			};
			name = Release;
		};
/* End XCBuildConfiguration section */

/* Begin XCConfigurationList section */
		52FA8BA8297F0FDC0071C36E /* Build configuration list for PBXProject "LoginViewCode" */ = {
			isa = XCConfigurationList;
			buildConfigurations = (
				52FA8BBF297F0FDE0071C36E /* Debug */,
				52FA8BC0297F0FDE0071C36E /* Release */,
			);
			defaultConfigurationIsVisible = 0;
			defaultConfigurationName = Release;
		};
		52FA8BC1297F0FDE0071C36E /* Build configuration list for PBXNativeTarget "LoginViewCode" */ = {
			isa = XCConfigurationList;
			buildConfigurations = (
				52FA8BC2297F0FDE0071C36E /* Debug */,
				52FA8BC3297F0FDE0071C36E /* Release */,
			);
			defaultConfigurationIsVisible = 0;
			defaultConfigurationName = Release;
		};
/* End XCConfigurationList section */
	};
	rootObject = 52FA8BA5297F0FDC0071C36E /* Project object */;
}
